// !$*UTF8*$!
{
	archiveVersion = 1;
	classes = {
	};
	objectVersion = 50;
	objects = {

/* Begin PBXBuildFile section */
		3E97FD9F22F2E9900077B95D /* AppDelegate.swift in Sources */ = {isa = PBXBuildFile; fileRef = 3E97FD9E22F2E9900077B95D /* AppDelegate.swift */; };
		3E97FDA122F2E9900077B95D /* ViewController.swift in Sources */ = {isa = PBXBuildFile; fileRef = 3E97FDA022F2E9900077B95D /* ViewController.swift */; };
		3E97FDA422F2E9900077B95D /* Main.storyboard in Resources */ = {isa = PBXBuildFile; fileRef = 3E97FDA222F2E9900077B95D /* Main.storyboard */; };
		3E97FDA622F2E9920077B95D /* Assets.xcassets in Resources */ = {isa = PBXBuildFile; fileRef = 3E97FDA522F2E9920077B95D /* Assets.xcassets */; };
		3E97FDA922F2E9920077B95D /* LaunchScreen.storyboard in Resources */ = {isa = PBXBuildFile; fileRef = 3E97FDA722F2E9920077B95D /* LaunchScreen.storyboard */; };
		3E97FDB422F2E9920077B95D /* BaseAppTests.swift in Sources */ = {isa = PBXBuildFile; fileRef = 3E97FDB322F2E9920077B95D /* BaseAppTests.swift */; };
		3E97FDBF22F2E9920077B95D /* BaseAppUITests.swift in Sources */ = {isa = PBXBuildFile; fileRef = 3E97FDBE22F2E9920077B95D /* BaseAppUITests.swift */; };
/* End PBXBuildFile section */

/* Begin PBXContainerItemProxy section */
		3E97FDB022F2E9920077B95D /* PBXContainerItemProxy */ = {
			isa = PBXContainerItemProxy;
			containerPortal = 3E97FD9322F2E9900077B95D /* Project object */;
			proxyType = 1;
			remoteGlobalIDString = 3E97FD9A22F2E9900077B95D;
			remoteInfo = BaseApp;
		};
		3E97FDBB22F2E9920077B95D /* PBXContainerItemProxy */ = {
			isa = PBXContainerItemProxy;
			containerPortal = 3E97FD9322F2E9900077B95D /* Project object */;
			proxyType = 1;
			remoteGlobalIDString = 3E97FD9A22F2E9900077B95D;
			remoteInfo = BaseApp;
		};
/* End PBXContainerItemProxy section */

/* Begin PBXFileReference section */
		3E97FD9B22F2E9900077B95D /* BaseApp.app */ = {isa = PBXFileReference; explicitFileType = wrapper.application; includeInIndex = 0; path = BaseApp.app; sourceTree = BUILT_PRODUCTS_DIR; };
		3E97FD9E22F2E9900077B95D /* AppDelegate.swift */ = {isa = PBXFileReference; lastKnownFileType = sourcecode.swift; path = AppDelegate.swift; sourceTree = "<group>"; };
		3E97FDA022F2E9900077B95D /* ViewController.swift */ = {isa = PBXFileReference; lastKnownFileType = sourcecode.swift; path = ViewController.swift; sourceTree = "<group>"; };
		3E97FDA322F2E9900077B95D /* Base */ = {isa = PBXFileReference; lastKnownFileType = file.storyboard; name = Base; path = Base.lproj/Main.storyboard; sourceTree = "<group>"; };
		3E97FDA522F2E9920077B95D /* Assets.xcassets */ = {isa = PBXFileReference; lastKnownFileType = folder.assetcatalog; path = Assets.xcassets; sourceTree = "<group>"; };
		3E97FDA822F2E9920077B95D /* Base */ = {isa = PBXFileReference; lastKnownFileType = file.storyboard; name = Base; path = Base.lproj/LaunchScreen.storyboard; sourceTree = "<group>"; };
		3E97FDAA22F2E9920077B95D /* Info.plist */ = {isa = PBXFileReference; lastKnownFileType = text.plist.xml; path = Info.plist; sourceTree = "<group>"; };
		3E97FDAF22F2E9920077B95D /* BaseAppTests.xctest */ = {isa = PBXFileReference; explicitFileType = wrapper.cfbundle; includeInIndex = 0; path = BaseAppTests.xctest; sourceTree = BUILT_PRODUCTS_DIR; };
		3E97FDB322F2E9920077B95D /* BaseAppTests.swift */ = {isa = PBXFileReference; lastKnownFileType = sourcecode.swift; path = BaseAppTests.swift; sourceTree = "<group>"; };
		3E97FDB522F2E9920077B95D /* Info.plist */ = {isa = PBXFileReference; lastKnownFileType = text.plist.xml; path = Info.plist; sourceTree = "<group>"; };
		3E97FDBA22F2E9920077B95D /* BaseAppUITests.xctest */ = {isa = PBXFileReference; explicitFileType = wrapper.cfbundle; includeInIndex = 0; path = BaseAppUITests.xctest; sourceTree = BUILT_PRODUCTS_DIR; };
		3E97FDBE22F2E9920077B95D /* BaseAppUITests.swift */ = {isa = PBXFileReference; lastKnownFileType = sourcecode.swift; path = BaseAppUITests.swift; sourceTree = "<group>"; };
		3E97FDC022F2E9920077B95D /* Info.plist */ = {isa = PBXFileReference; lastKnownFileType = text.plist.xml; path = Info.plist; sourceTree = "<group>"; };
/* End PBXFileReference section */

/* Begin PBXFrameworksBuildPhase section */
		3E97FD9822F2E9900077B95D /* Frameworks */ = {
			isa = PBXFrameworksBuildPhase;
			buildActionMask = 2147483647;
			files = (
			);
			runOnlyForDeploymentPostprocessing = 0;
		};
		3E97FDAC22F2E9920077B95D /* Frameworks */ = {
			isa = PBXFrameworksBuildPhase;
			buildActionMask = 2147483647;
			files = (
			);
			runOnlyForDeploymentPostprocessing = 0;
		};
		3E97FDB722F2E9920077B95D /* Frameworks */ = {
			isa = PBXFrameworksBuildPhase;
			buildActionMask = 2147483647;
			files = (
			);
			runOnlyForDeploymentPostprocessing = 0;
		};
/* End PBXFrameworksBuildPhase section */

/* Begin PBXGroup section */
		3E97FD9222F2E9900077B95D = {
			isa = PBXGroup;
			children = (
				3E97FD9D22F2E9900077B95D /* BaseApp */,
				3E97FDB222F2E9920077B95D /* BaseAppTests */,
				3E97FDBD22F2E9920077B95D /* BaseAppUITests */,
				3E97FD9C22F2E9900077B95D /* Products */,
			);
			sourceTree = "<group>";
		};
		3E97FD9C22F2E9900077B95D /* Products */ = {
			isa = PBXGroup;
			children = (
				3E97FD9B22F2E9900077B95D /* BaseApp.app */,
				3E97FDAF22F2E9920077B95D /* BaseAppTests.xctest */,
				3E97FDBA22F2E9920077B95D /* BaseAppUITests.xctest */,
			);
			name = Products;
			sourceTree = "<group>";
		};
		3E97FD9D22F2E9900077B95D /* BaseApp */ = {
			isa = PBXGroup;
			children = (
				3E97FD9E22F2E9900077B95D /* AppDelegate.swift */,
				3E97FDA022F2E9900077B95D /* ViewController.swift */,
				3E97FDA222F2E9900077B95D /* Main.storyboard */,
				3E97FDA522F2E9920077B95D /* Assets.xcassets */,
				3E97FDA722F2E9920077B95D /* LaunchScreen.storyboard */,
				3E97FDAA22F2E9920077B95D /* Info.plist */,
			);
			path = BaseApp;
			sourceTree = "<group>";
		};
		3E97FDB222F2E9920077B95D /* BaseAppTests */ = {
			isa = PBXGroup;
			children = (
				3E97FDB322F2E9920077B95D /* BaseAppTests.swift */,
				3E97FDB522F2E9920077B95D /* Info.plist */,
			);
			path = BaseAppTests;
			sourceTree = "<group>";
		};
		3E97FDBD22F2E9920077B95D /* BaseAppUITests */ = {
			isa = PBXGroup;
			children = (
				3E97FDBE22F2E9920077B95D /* BaseAppUITests.swift */,
				3E97FDC022F2E9920077B95D /* Info.plist */,
			);
			path = BaseAppUITests;
			sourceTree = "<group>";
		};
/* End PBXGroup section */

/* Begin PBXNativeTarget section */
		3E97FD9A22F2E9900077B95D /* BaseApp */ = {
			isa = PBXNativeTarget;
			buildConfigurationList = 3E97FDC322F2E9920077B95D /* Build configuration list for PBXNativeTarget "BaseApp" */;
			buildPhases = (
				3E97FD9722F2E9900077B95D /* Sources */,
				3E97FD9822F2E9900077B95D /* Frameworks */,
				3E97FD9922F2E9900077B95D /* Resources */,
			);
			buildRules = (
			);
			dependencies = (
			);
			name = BaseApp;
			productName = BaseApp;
			productReference = 3E97FD9B22F2E9900077B95D /* BaseApp.app */;
			productType = "com.apple.product-type.application";
		};
		3E97FDAE22F2E9920077B95D /* BaseAppTests */ = {
			isa = PBXNativeTarget;
			buildConfigurationList = 3E97FDC622F2E9920077B95D /* Build configuration list for PBXNativeTarget "BaseAppTests" */;
			buildPhases = (
				3E97FDAB22F2E9920077B95D /* Sources */,
				3E97FDAC22F2E9920077B95D /* Frameworks */,
				3E97FDAD22F2E9920077B95D /* Resources */,
			);
			buildRules = (
			);
			dependencies = (
				3E97FDB122F2E9920077B95D /* PBXTargetDependency */,
			);
			name = BaseAppTests;
			productName = BaseAppTests;
			productReference = 3E97FDAF22F2E9920077B95D /* BaseAppTests.xctest */;
			productType = "com.apple.product-type.bundle.unit-test";
		};
		3E97FDB922F2E9920077B95D /* BaseAppUITests */ = {
			isa = PBXNativeTarget;
			buildConfigurationList = 3E97FDC922F2E9920077B95D /* Build configuration list for PBXNativeTarget "BaseAppUITests" */;
			buildPhases = (
				3E97FDB622F2E9920077B95D /* Sources */,
				3E97FDB722F2E9920077B95D /* Frameworks */,
				3E97FDB822F2E9920077B95D /* Resources */,
			);
			buildRules = (
			);
			dependencies = (
				3E97FDBC22F2E9920077B95D /* PBXTargetDependency */,
			);
			name = BaseAppUITests;
			productName = BaseAppUITests;
			productReference = 3E97FDBA22F2E9920077B95D /* BaseAppUITests.xctest */;
			productType = "com.apple.product-type.bundle.ui-testing";
		};
/* End PBXNativeTarget section */

/* Begin PBXProject section */
		3E97FD9322F2E9900077B95D /* Project object */ = {
			isa = PBXProject;
			attributes = {
				LastSwiftUpdateCheck = 1020;
				LastUpgradeCheck = 1020;
				ORGANIZATIONNAME = Click;
				TargetAttributes = {
					3E97FD9A22F2E9900077B95D = {
						CreatedOnToolsVersion = 10.2.1;
					};
					3E97FDAE22F2E9920077B95D = {
						CreatedOnToolsVersion = 10.2.1;
						TestTargetID = 3E97FD9A22F2E9900077B95D;
					};
					3E97FDB922F2E9920077B95D = {
						CreatedOnToolsVersion = 10.2.1;
						TestTargetID = 3E97FD9A22F2E9900077B95D;
					};
				};
			};
			buildConfigurationList = 3E97FD9622F2E9900077B95D /* Build configuration list for PBXProject "BaseApp" */;
			compatibilityVersion = "Xcode 9.3";
			developmentRegion = en;
			hasScannedForEncodings = 0;
			knownRegions = (
				en,
				Base,
			);
			mainGroup = 3E97FD9222F2E9900077B95D;
			productRefGroup = 3E97FD9C22F2E9900077B95D /* Products */;
			projectDirPath = "";
			projectRoot = "";
			targets = (
				3E97FD9A22F2E9900077B95D /* BaseApp */,
				3E97FDAE22F2E9920077B95D /* BaseAppTests */,
				3E97FDB922F2E9920077B95D /* BaseAppUITests */,
			);
		};
/* End PBXProject section */

/* Begin PBXResourcesBuildPhase section */
		3E97FD9922F2E9900077B95D /* Resources */ = {
			isa = PBXResourcesBuildPhase;
			buildActionMask = 2147483647;
			files = (
				3E97FDA922F2E9920077B95D /* LaunchScreen.storyboard in Resources */,
				3E97FDA622F2E9920077B95D /* Assets.xcassets in Resources */,
				3E97FDA422F2E9900077B95D /* Main.storyboard in Resources */,
			);
			runOnlyForDeploymentPostprocessing = 0;
		};
		3E97FDAD22F2E9920077B95D /* Resources */ = {
			isa = PBXResourcesBuildPhase;
			buildActionMask = 2147483647;
			files = (
			);
			runOnlyForDeploymentPostprocessing = 0;
		};
		3E97FDB822F2E9920077B95D /* Resources */ = {
			isa = PBXResourcesBuildPhase;
			buildActionMask = 2147483647;
			files = (
			);
			runOnlyForDeploymentPostprocessing = 0;
		};
/* End PBXResourcesBuildPhase section */

/* Begin PBXSourcesBuildPhase section */
		3E97FD9722F2E9900077B95D /* Sources */ = {
			isa = PBXSourcesBuildPhase;
			buildActionMask = 2147483647;
			files = (
				3E97FDA122F2E9900077B95D /* ViewController.swift in Sources */,
				3E97FD9F22F2E9900077B95D /* AppDelegate.swift in Sources */,
			);
			runOnlyForDeploymentPostprocessing = 0;
		};
		3E97FDAB22F2E9920077B95D /* Sources */ = {
			isa = PBXSourcesBuildPhase;
			buildActionMask = 2147483647;
			files = (
				3E97FDB422F2E9920077B95D /* BaseAppTests.swift in Sources */,
			);
			runOnlyForDeploymentPostprocessing = 0;
		};
		3E97FDB622F2E9920077B95D /* Sources */ = {
			isa = PBXSourcesBuildPhase;
			buildActionMask = 2147483647;
			files = (
				3E97FDBF22F2E9920077B95D /* BaseAppUITests.swift in Sources */,
			);
			runOnlyForDeploymentPostprocessing = 0;
		};
/* End PBXSourcesBuildPhase section */

/* Begin PBXTargetDependency section */
		3E97FDB122F2E9920077B95D /* PBXTargetDependency */ = {
			isa = PBXTargetDependency;
			target = 3E97FD9A22F2E9900077B95D /* BaseApp */;
			targetProxy = 3E97FDB022F2E9920077B95D /* PBXContainerItemProxy */;
		};
		3E97FDBC22F2E9920077B95D /* PBXTargetDependency */ = {
			isa = PBXTargetDependency;
			target = 3E97FD9A22F2E9900077B95D /* BaseApp */;
			targetProxy = 3E97FDBB22F2E9920077B95D /* PBXContainerItemProxy */;
		};
/* End PBXTargetDependency section */

/* Begin PBXVariantGroup section */
		3E97FDA222F2E9900077B95D /* Main.storyboard */ = {
			isa = PBXVariantGroup;
			children = (
				3E97FDA322F2E9900077B95D /* Base */,
			);
			name = Main.storyboard;
			sourceTree = "<group>";
		};
		3E97FDA722F2E9920077B95D /* LaunchScreen.storyboard */ = {
			isa = PBXVariantGroup;
			children = (
				3E97FDA822F2E9920077B95D /* Base */,
			);
			name = LaunchScreen.storyboard;
			sourceTree = "<group>";
		};
/* End PBXVariantGroup section */

/* Begin XCBuildConfiguration section */
		3E97FDC122F2E9920077B95D /* Debug */ = {
			isa = XCBuildConfiguration;
			buildSettings = {
				ALWAYS_SEARCH_USER_PATHS = NO;
				CLANG_ANALYZER_NONNULL = YES;
				CLANG_ANALYZER_NUMBER_OBJECT_CONVERSION = YES_AGGRESSIVE;
				CLANG_CXX_LANGUAGE_STANDARD = "gnu++14";
				CLANG_CXX_LIBRARY = "libc++";
				CLANG_ENABLE_MODULES = YES;
				CLANG_ENABLE_OBJC_ARC = YES;
				CLANG_ENABLE_OBJC_WEAK = YES;
				CLANG_WARN_BLOCK_CAPTURE_AUTORELEASING = YES;
				CLANG_WARN_BOOL_CONVERSION = YES;
				CLANG_WARN_COMMA = YES;
				CLANG_WARN_CONSTANT_CONVERSION = YES;
				CLANG_WARN_DEPRECATED_OBJC_IMPLEMENTATIONS = YES;
				CLANG_WARN_DIRECT_OBJC_ISA_USAGE = YES_ERROR;
				CLANG_WARN_DOCUMENTATION_COMMENTS = YES;
				CLANG_WARN_EMPTY_BODY = YES;
				CLANG_WARN_ENUM_CONVERSION = YES;
				CLANG_WARN_INFINITE_RECURSION = YES;
				CLANG_WARN_INT_CONVERSION = YES;
				CLANG_WARN_NON_LITERAL_NULL_CONVERSION = YES;
				CLANG_WARN_OBJC_IMPLICIT_RETAIN_SELF = YES;
				CLANG_WARN_OBJC_LITERAL_CONVERSION = YES;
				CLANG_WARN_OBJC_ROOT_CLASS = YES_ERROR;
				CLANG_WARN_RANGE_LOOP_ANALYSIS = YES;
				CLANG_WARN_STRICT_PROTOTYPES = YES;
				CLANG_WARN_SUSPICIOUS_MOVE = YES;
				CLANG_WARN_UNGUARDED_AVAILABILITY = YES_AGGRESSIVE;
				CLANG_WARN_UNREACHABLE_CODE = YES;
				CLANG_WARN__DUPLICATE_METHOD_MATCH = YES;
				CODE_SIGN_IDENTITY = "iPhone Developer";
				COPY_PHASE_STRIP = NO;
				DEBUG_INFORMATION_FORMAT = dwarf;
				ENABLE_STRICT_OBJC_MSGSEND = YES;
				ENABLE_TESTABILITY = YES;
				GCC_C_LANGUAGE_STANDARD = gnu11;
				GCC_DYNAMIC_NO_PIC = NO;
				GCC_NO_COMMON_BLOCKS = YES;
				GCC_OPTIMIZATION_LEVEL = 0;
				GCC_PREPROCESSOR_DEFINITIONS = (
					"DEBUG=1",
					"$(inherited)",
				);
				GCC_WARN_64_TO_32_BIT_CONVERSION = YES;
				GCC_WARN_ABOUT_RETURN_TYPE = YES_ERROR;
				GCC_WARN_UNDECLARED_SELECTOR = YES;
				GCC_WARN_UNINITIALIZED_AUTOS = YES_AGGRESSIVE;
				GCC_WARN_UNUSED_FUNCTION = YES;
				GCC_WARN_UNUSED_VARIABLE = YES;
				IPHONEOS_DEPLOYMENT_TARGET = 12.2;
				MTL_ENABLE_DEBUG_INFO = INCLUDE_SOURCE;
				MTL_FAST_MATH = YES;
				ONLY_ACTIVE_ARCH = YES;
				SDKROOT = iphoneos;
				SWIFT_ACTIVE_COMPILATION_CONDITIONS = DEBUG;
				SWIFT_OPTIMIZATION_LEVEL = "-Onone";
			};
			name = Debug;
		};
		3E97FDC222F2E9920077B95D /* Release */ = {
			isa = XCBuildConfiguration;
			buildSettings = {
				ALWAYS_SEARCH_USER_PATHS = NO;
				CLANG_ANALYZER_NONNULL = YES;
				CLANG_ANALYZER_NUMBER_OBJECT_CONVERSION = YES_AGGRESSIVE;
				CLANG_CXX_LANGUAGE_STANDARD = "gnu++14";
				CLANG_CXX_LIBRARY = "libc++";
				CLANG_ENABLE_MODULES = YES;
				CLANG_ENABLE_OBJC_ARC = YES;
				CLANG_ENABLE_OBJC_WEAK = YES;
				CLANG_WARN_BLOCK_CAPTURE_AUTORELEASING = YES;
				CLANG_WARN_BOOL_CONVERSION = YES;
				CLANG_WARN_COMMA = YES;
				CLANG_WARN_CONSTANT_CONVERSION = YES;
				CLANG_WARN_DEPRECATED_OBJC_IMPLEMENTATIONS = YES;
				CLANG_WARN_DIRECT_OBJC_ISA_USAGE = YES_ERROR;
				CLANG_WARN_DOCUMENTATION_COMMENTS = YES;
				CLANG_WARN_EMPTY_BODY = YES;
				CLANG_WARN_ENUM_CONVERSION = YES;
				CLANG_WARN_INFINITE_RECURSION = YES;
				CLANG_WARN_INT_CONVERSION = YES;
				CLANG_WARN_NON_LITERAL_NULL_CONVERSION = YES;
				CLANG_WARN_OBJC_IMPLICIT_RETAIN_SELF = YES;
				CLANG_WARN_OBJC_LITERAL_CONVERSION = YES;
				CLANG_WARN_OBJC_ROOT_CLASS = YES_ERROR;
				CLANG_WARN_RANGE_LOOP_ANALYSIS = YES;
				CLANG_WARN_STRICT_PROTOTYPES = YES;
				CLANG_WARN_SUSPICIOUS_MOVE = YES;
				CLANG_WARN_UNGUARDED_AVAILABILITY = YES_AGGRESSIVE;
				CLANG_WARN_UNREACHABLE_CODE = YES;
				CLANG_WARN__DUPLICATE_METHOD_MATCH = YES;
				CODE_SIGN_IDENTITY = "iPhone Developer";
				COPY_PHASE_STRIP = NO;
				DEBUG_INFORMATION_FORMAT = "dwarf-with-dsym";
				ENABLE_NS_ASSERTIONS = NO;
				ENABLE_STRICT_OBJC_MSGSEND = YES;
				GCC_C_LANGUAGE_STANDARD = gnu11;
				GCC_NO_COMMON_BLOCKS = YES;
				GCC_WARN_64_TO_32_BIT_CONVERSION = YES;
				GCC_WARN_ABOUT_RETURN_TYPE = YES_ERROR;
				GCC_WARN_UNDECLARED_SELECTOR = YES;
				GCC_WARN_UNINITIALIZED_AUTOS = YES_AGGRESSIVE;
				GCC_WARN_UNUSED_FUNCTION = YES;
				GCC_WARN_UNUSED_VARIABLE = YES;
				IPHONEOS_DEPLOYMENT_TARGET = 12.2;
				MTL_ENABLE_DEBUG_INFO = NO;
				MTL_FAST_MATH = YES;
				SDKROOT = iphoneos;
				SWIFT_COMPILATION_MODE = wholemodule;
				SWIFT_OPTIMIZATION_LEVEL = "-O";
				VALIDATE_PRODUCT = YES;
			};
			name = Release;
		};
		3E97FDC422F2E9920077B95D /* Debug */ = {
			isa = XCBuildConfiguration;
			buildSettings = {
				ASSETCATALOG_COMPILER_APPICON_NAME = AppIcon;
				CODE_SIGN_STYLE = Manual;
				DEVELOPMENT_TEAM = "";
				INFOPLIST_FILE = BaseApp/Info.plist;
				LD_RUNPATH_SEARCH_PATHS = (
					"$(inherited)",
					"@executable_path/Frameworks",
				);
				PRODUCT_BUNDLE_IDENTIFIER = dongcp.test.BaseApp;
				PRODUCT_NAME = "$(TARGET_NAME)";
				PROVISIONING_PROFILE_SPECIFIER = "";
				SWIFT_VERSION = 5.0;
				TARGETED_DEVICE_FAMILY = "1,2";
			};
			name = Debug;
		};
		3E97FDC522F2E9920077B95D /* Release */ = {
			isa = XCBuildConfiguration;
			buildSettings = {
				ASSETCATALOG_COMPILER_APPICON_NAME = AppIcon;
				CODE_SIGN_STYLE = Manual;
				DEVELOPMENT_TEAM = "";
				INFOPLIST_FILE = BaseApp/Info.plist;
				LD_RUNPATH_SEARCH_PATHS = (
					"$(inherited)",
					"@executable_path/Frameworks",
				);
				PRODUCT_BUNDLE_IDENTIFIER = dongcp.test.BaseApp;
				PRODUCT_NAME = "$(TARGET_NAME)";
				PROVISIONING_PROFILE_SPECIFIER = "";
				SWIFT_VERSION = 5.0;
				TARGETED_DEVICE_FAMILY = "1,2";
			};
			name = Release;
		};
		3E97FDC722F2E9920077B95D /* Debug */ = {
			isa = XCBuildConfiguration;
			buildSettings = {
				ALWAYS_EMBED_SWIFT_STANDARD_LIBRARIES = YES;
				BUNDLE_LOADER = "$(TEST_HOST)";
				CODE_SIGN_STYLE = Automatic;
				DEVELOPMENT_TEAM = Y9M63K3Z7Z;
				INFOPLIST_FILE = BaseAppTests/Info.plist;
				LD_RUNPATH_SEARCH_PATHS = (
					"$(inherited)",
					"@executable_path/Frameworks",
					"@loader_path/Frameworks",
				);
				PRODUCT_BUNDLE_IDENTIFIER = dongcp.test.BaseAppTests;
				PRODUCT_NAME = "$(TARGET_NAME)";
				SWIFT_VERSION = 5.0;
				TARGETED_DEVICE_FAMILY = "1,2";
				TEST_HOST = "$(BUILT_PRODUCTS_DIR)/BaseApp.app/BaseApp";
			};
			name = Debug;
		};
		3E97FDC822F2E9920077B95D /* Release */ = {
			isa = XCBuildConfiguration;
			buildSettings = {
				ALWAYS_EMBED_SWIFT_STANDARD_LIBRARIES = YES;
				BUNDLE_LOADER = "$(TEST_HOST)";
				CODE_SIGN_STYLE = Automatic;
				DEVELOPMENT_TEAM = Y9M63K3Z7Z;
				INFOPLIST_FILE = BaseAppTests/Info.plist;
				LD_RUNPATH_SEARCH_PATHS = (
					"$(inherited)",
					"@executable_path/Frameworks",
					"@loader_path/Frameworks",
				);
				PRODUCT_BUNDLE_IDENTIFIER = dongcp.test.BaseAppTests;
				PRODUCT_NAME = "$(TARGET_NAME)";
				SWIFT_VERSION = 5.0;
				TARGETED_DEVICE_FAMILY = "1,2";
				TEST_HOST = "$(BUILT_PRODUCTS_DIR)/BaseApp.app/BaseApp";
			};
			name = Release;
		};
		3E97FDCA22F2E9920077B95D /* Debug */ = {
			isa = XCBuildConfiguration;
			buildSettings = {
				ALWAYS_EMBED_SWIFT_STANDARD_LIBRARIES = YES;
				CODE_SIGN_STYLE = Automatic;
				DEVELOPMENT_TEAM = Y9M63K3Z7Z;
				INFOPLIST_FILE = BaseAppUITests/Info.plist;
				LD_RUNPATH_SEARCH_PATHS = (
					"$(inherited)",
					"@executable_path/Frameworks",
					"@loader_path/Frameworks",
				);
				PRODUCT_BUNDLE_IDENTIFIER = dongcp.test.BaseAppUITests;
				PRODUCT_NAME = "$(TARGET_NAME)";
				SWIFT_VERSION = 5.0;
				TARGETED_DEVICE_FAMILY = "1,2";
				TEST_TARGET_NAME = BaseApp;
			};
			name = Debug;
		};
		3E97FDCB22F2E9920077B95D /* Release */ = {
			isa = XCBuildConfiguration;
			buildSettings = {
				ALWAYS_EMBED_SWIFT_STANDARD_LIBRARIES = YES;
				CODE_SIGN_STYLE = Automatic;
				DEVELOPMENT_TEAM = Y9M63K3Z7Z;
				INFOPLIST_FILE = BaseAppUITests/Info.plist;
				LD_RUNPATH_SEARCH_PATHS = (
					"$(inherited)",
					"@executable_path/Frameworks",
					"@loader_path/Frameworks",
				);
				PRODUCT_BUNDLE_IDENTIFIER = dongcp.test.BaseAppUITests;
				PRODUCT_NAME = "$(TARGET_NAME)";
				SWIFT_VERSION = 5.0;
				TARGETED_DEVICE_FAMILY = "1,2";
				TEST_TARGET_NAME = BaseApp;
			};
			name = Release;
		};
/* End XCBuildConfiguration section */

/* Begin XCConfigurationList section */
		3E97FD9622F2E9900077B95D /* Build configuration list for PBXProject "BaseApp" */ = {
			isa = XCConfigurationList;
			buildConfigurations = (
				3E97FDC122F2E9920077B95D /* Debug */,
				3E97FDC222F2E9920077B95D /* Release */,
			);
			defaultConfigurationIsVisible = 0;
			defaultConfigurationName = Release;
		};
		3E97FDC322F2E9920077B95D /* Build configuration list for PBXNativeTarget "BaseApp" */ = {
			isa = XCConfigurationList;
			buildConfigurations = (
				3E97FDC422F2E9920077B95D /* Debug */,
				3E97FDC522F2E9920077B95D /* Release */,
			);
			defaultConfigurationIsVisible = 0;
			defaultConfigurationName = Release;
		};
		3E97FDC622F2E9920077B95D /* Build configuration list for PBXNativeTarget "BaseAppTests" */ = {
			isa = XCConfigurationList;
			buildConfigurations = (
				3E97FDC722F2E9920077B95D /* Debug */,
				3E97FDC822F2E9920077B95D /* Release */,
			);
			defaultConfigurationIsVisible = 0;
			defaultConfigurationName = Release;
		};
		3E97FDC922F2E9920077B95D /* Build configuration list for PBXNativeTarget "BaseAppUITests" */ = {
			isa = XCConfigurationList;
			buildConfigurations = (
				3E97FDCA22F2E9920077B95D /* Debug */,
				3E97FDCB22F2E9920077B95D /* Release */,
			);
			defaultConfigurationIsVisible = 0;
			defaultConfigurationName = Release;
		};
/* End XCConfigurationList section */
	};
	rootObject = 3E97FD9322F2E9900077B95D /* Project object */;
}
